# @generated by Move, please check-in and do not edit manually.

[move]
version = 3
manifest_digest = "D4E3B81F9746FFE1896D7195F8538606D77493CF5620974D556FE03D89F11102"
deps_digest = "F8BBB0CCB2491CA29A3DF03D6F92277A4F3574266507ACD77214D37ECA3F3082"
dependencies = [
  { id = "Sui", name = "Sui" },
]

[[move.package]]
id = "MoveStdlib"
source = { git = "https://github.com/MystenLabs/sui.git", rev = "framework/testnet", subdir = "crates/sui-framework/packages/move-stdlib" }

[[move.package]]
id = "Sui"
source = { git = "https://github.com/MystenLabs/sui.git", rev = "framework/testnet", subdir = "crates/sui-framework/packages/sui-framework" }

dependencies = [
  { id = "MoveStdlib", name = "MoveStdlib" },
]

[move.toolchain-version]
compiler-version = "1.60.0"
edition = "2024"
flavor = "sui"

[env]

[env.testnet-v2]
chain-id = "4c78adac"
original-published-id = "0xf06a4ba0f4dcc699aa9587408b1edcae15832fb71e30484464de013045e09b75"
latest-published-id = "0x7c15d7b02655e66d954153b5123b1f0150a558ce3bcdb2bba8dfaaa0ed1b90cf"
published-version = "1"

[env.testnet]
chain-id = "4c78adac"
original-published-id = "0x483f44e56c0e56d6feb81733b6c406fbf9bbace8f68e75d3d2b5e409e95cd852"
latest-published-id = "0x483f44e56c0e56d6feb81733b6c406fbf9bbace8f68e75d3d2b5e409e95cd852"
published-version = "1"
